
Microsoft Visual Studio Solution File, Format Version 12.00
# Visual Studio Version 16
VisualStudioVersion = 16.0.33214.272
MinimumVisualStudioVersion = 10.0.40219.1
Project("{FAE04EC0-301F-11D3-BF4B-00C04F79EFBC}") = "fibonacci", "fibonacci.csproj", "{AE9323E8-5E5C-41D3-BB76-9B8ABF6E3C0C}"
EndProject
Global
	GlobalSection(SolutionConfigurationPlatforms) = preSolution
		Debug|Any CPU = Debug|Any CPU
		Release|Any CPU = Release|Any CPU
	EndGlobalSection
	GlobalSection(ProjectConfigurationPlatforms) = postSolution
		{AE9323E8-5E5C-41D3-BB76-9B8ABF6E3C0C}.Debug|Any CPU.ActiveCfg = Debug|Any CPU
		{AE9323E8-5E5C-41D3-BB76-9B8ABF6E3C0C}.Debug|Any CPU.Build.0 = Debug|Any CPU
		{AE9323E8-5E5C-41D3-BB76-9B8ABF6E3C0C}.Release|Any CPU.ActiveCfg = Release|Any CPU
		{AE9323E8-5E5C-41D3-BB76-9B8ABF6E3C0C}.Release|Any CPU.Build.0 = Release|Any CPU
	EndGlobalSection
	GlobalSection(SolutionProperties) = preSolution
		HideSolutionNode = FALSE
	EndGlobalSection
	GlobalSection(ExtensibilityGlobals) = postSolution
		SolutionGuid = {E2627C6B-CF9A-40E3-97AF-FE0B29A4EA62}
	EndGlobalSection
EndGlobal
